// !$*UTF8*$!
{
	archiveVersion = 1;
	classes = {
	};
	objectVersion = 52;
	objects = {

/* Begin PBXBuildFile section */
		A20449D8275EE1980060B3E5 /* Storage.swift in Sources */ = {isa = PBXBuildFile; fileRef = A20449D7275EE1980060B3E5 /* Storage.swift */; };
		A20DDECB26D7F07D002BD09C /* Games.graphql in Resources */ = {isa = PBXBuildFile; fileRef = A20DDECA26D7F07D002BD09C /* Games.graphql */; };
		A20DDECD26D7F4EE002BD09C /* Game.swift in Sources */ = {isa = PBXBuildFile; fileRef = A20DDECC26D7F4EE002BD09C /* Game.swift */; };
		A20DDECF26D8037B002BD09C /* GamesListView.swift in Sources */ = {isa = PBXBuildFile; fileRef = A20DDECE26D8037B002BD09C /* GamesListView.swift */; };
		A243BC74275831570046ACDF /* LocationsView.swift in Sources */ = {isa = PBXBuildFile; fileRef = A243BC73275831570046ACDF /* LocationsView.swift */; };
		A243BC76275831B60046ACDF /* Location.swift in Sources */ = {isa = PBXBuildFile; fileRef = A243BC75275831B60046ACDF /* Location.swift */; };
		A243BC7A275961E10046ACDF /* PokemonEvolutions.graphql in Resources */ = {isa = PBXBuildFile; fileRef = A243BC79275961E10046ACDF /* PokemonEvolutions.graphql */; };
		A243BC7C2759626F0046ACDF /* Evolution.swift in Sources */ = {isa = PBXBuildFile; fileRef = A243BC7B2759626F0046ACDF /* Evolution.swift */; };
		A243BC7E275971E10046ACDF /* EvolutionsView.swift in Sources */ = {isa = PBXBuildFile; fileRef = A243BC7D275971E10046ACDF /* EvolutionsView.swift */; };
		A243BC80275980140046ACDF /* PokemonTypes.graphql in Resources */ = {isa = PBXBuildFile; fileRef = A243BC7F275980140046ACDF /* PokemonTypes.graphql */; };
		A243BC82275980600046ACDF /* Type.swift in Sources */ = {isa = PBXBuildFile; fileRef = A243BC81275980600046ACDF /* Type.swift */; };
		A24CEFCD26E084AF00AB23A0 /* PokemonMoves.graphql in Resources */ = {isa = PBXBuildFile; fileRef = A24CEFCC26E084AF00AB23A0 /* PokemonMoves.graphql */; };
		A24CEFCF26E0889B00AB23A0 /* Move.swift in Sources */ = {isa = PBXBuildFile; fileRef = A24CEFCE26E0889B00AB23A0 /* Move.swift */; };
		A24CEFD426E57D5400AB23A0 /* MovesView.swift in Sources */ = {isa = PBXBuildFile; fileRef = A24CEFD326E57D5400AB23A0 /* MovesView.swift */; };
		A24D58702740AF32000C3E6C /* PokemonLocations.graphql in Resources */ = {isa = PBXBuildFile; fileRef = A24D586F2740AF32000C3E6C /* PokemonLocations.graphql */; };
		A26E9988267D381100D6ED8C /* APIClient.swift in Sources */ = {isa = PBXBuildFile; fileRef = A26E9987267D381100D6ED8C /* APIClient.swift */; };
		A26E998F267D3DFE00D6ED8C /* APIContentView.swift in Sources */ = {isa = PBXBuildFile; fileRef = A26E998E267D3DFE00D6ED8C /* APIContentView.swift */; };
		A26E9992267D3F3F00D6ED8C /* LoadingModifier.swift in Sources */ = {isa = PBXBuildFile; fileRef = A26E9991267D3F3F00D6ED8C /* LoadingModifier.swift */; };
		A26E9994267D45BA00D6ED8C /* PokemonListView.swift in Sources */ = {isa = PBXBuildFile; fileRef = A26E9993267D45BA00D6ED8C /* PokemonListView.swift */; };
		A26E999D267D693500D6ED8C /* TypeIconView.swift in Sources */ = {isa = PBXBuildFile; fileRef = A26E999C267D693500D6ED8C /* TypeIconView.swift */; };
		A27F7A8126D6C6740004B39D /* ActivityIndicator.swift in Sources */ = {isa = PBXBuildFile; fileRef = A27F7A8026D6C6740004B39D /* ActivityIndicator.swift */; };
		A27F7A8326D6C7B00004B39D /* PokemonDetailsView.swift in Sources */ = {isa = PBXBuildFile; fileRef = A27F7A8226D6C7B00004B39D /* PokemonDetailsView.swift */; };
		A27F7A8526D6CA8C0004B39D /* ImageLoader.swift in Sources */ = {isa = PBXBuildFile; fileRef = A27F7A8426D6CA8C0004B39D /* ImageLoader.swift */; };
		A27F7A8726D6CC3D0004B39D /* APIRequests.swift in Sources */ = {isa = PBXBuildFile; fileRef = A27F7A8626D6CC3D0004B39D /* APIRequests.swift */; };
		A27F7A8A26D6CC880004B39D /* PokemonEntry.swift in Sources */ = {isa = PBXBuildFile; fileRef = A27F7A8926D6CC880004B39D /* PokemonEntry.swift */; };
		A27F7A8D26D6CCE70004B39D /* Models.swift in Sources */ = {isa = PBXBuildFile; fileRef = A27F7A8C26D6CCE70004B39D /* Models.swift */; };
		A27F7A8F26D6CE670004B39D /* Pokemon.swift in Sources */ = {isa = PBXBuildFile; fileRef = A27F7A8E26D6CE670004B39D /* Pokemon.swift */; };
		A27F7A9126D6CFEC0004B39D /* PokemonDetails.graphql in Resources */ = {isa = PBXBuildFile; fileRef = A27F7A9026D6CFEC0004B39D /* PokemonDetails.graphql */; };
		A290C5E82759859C00A93995 /* TypesView.swift in Sources */ = {isa = PBXBuildFile; fileRef = A290C5E72759859C00A93995 /* TypesView.swift */; };
		A2CBCAC52679CCEE008AC09F /* ApolloCombine in Frameworks */ = {isa = PBXBuildFile; productRef = A2CBCAC42679CCEE008AC09F /* ApolloCombine */; };
		A2CBCAC92679D184008AC09F /* Pokedex.graphql in Resources */ = {isa = PBXBuildFile; fileRef = A2CBCAC82679D184008AC09F /* Pokedex.graphql */; };
		A2CBCACB2679D24F008AC09F /* API.swift in Sources */ = {isa = PBXBuildFile; fileRef = A2CBCACA2679D24F008AC09F /* API.swift */; };
		A2CBCACD2679D45A008AC09F /* PokedexListView.swift in Sources */ = {isa = PBXBuildFile; fileRef = A2CBCACC2679D45A008AC09F /* PokedexListView.swift */; };
		A2CD27F126798A8C00117561 /* PKDBApp.swift in Sources */ = {isa = PBXBuildFile; fileRef = A2CD27F026798A8C00117561 /* PKDBApp.swift */; };
		A2CD27F326798A8C00117561 /* MainView.swift in Sources */ = {isa = PBXBuildFile; fileRef = A2CD27F226798A8C00117561 /* MainView.swift */; };
		A2CD27F526798A9600117561 /* Assets.xcassets in Resources */ = {isa = PBXBuildFile; fileRef = A2CD27F426798A9600117561 /* Assets.xcassets */; };
		A2CD27F826798A9600117561 /* Preview Assets.xcassets in Resources */ = {isa = PBXBuildFile; fileRef = A2CD27F726798A9600117561 /* Preview Assets.xcassets */; };
/* End PBXBuildFile section */

/* Begin PBXFileReference section */
		A20449D7275EE1980060B3E5 /* Storage.swift */ = {isa = PBXFileReference; lastKnownFileType = sourcecode.swift; path = Storage.swift; sourceTree = "<group>"; };
		A20DDECA26D7F07D002BD09C /* Games.graphql */ = {isa = PBXFileReference; lastKnownFileType = text; path = Games.graphql; sourceTree = "<group>"; };
		A20DDECC26D7F4EE002BD09C /* Game.swift */ = {isa = PBXFileReference; lastKnownFileType = sourcecode.swift; path = Game.swift; sourceTree = "<group>"; };
		A20DDECE26D8037B002BD09C /* GamesListView.swift */ = {isa = PBXFileReference; lastKnownFileType = sourcecode.swift; path = GamesListView.swift; sourceTree = "<group>"; };
		A243BC73275831570046ACDF /* LocationsView.swift */ = {isa = PBXFileReference; lastKnownFileType = sourcecode.swift; path = LocationsView.swift; sourceTree = "<group>"; };
		A243BC75275831B60046ACDF /* Location.swift */ = {isa = PBXFileReference; lastKnownFileType = sourcecode.swift; path = Location.swift; sourceTree = "<group>"; };
		A243BC79275961E10046ACDF /* PokemonEvolutions.graphql */ = {isa = PBXFileReference; lastKnownFileType = text; path = PokemonEvolutions.graphql; sourceTree = "<group>"; };
		A243BC7B2759626F0046ACDF /* Evolution.swift */ = {isa = PBXFileReference; lastKnownFileType = sourcecode.swift; path = Evolution.swift; sourceTree = "<group>"; };
		A243BC7D275971E10046ACDF /* EvolutionsView.swift */ = {isa = PBXFileReference; lastKnownFileType = sourcecode.swift; path = EvolutionsView.swift; sourceTree = "<group>"; };
		A243BC7F275980140046ACDF /* PokemonTypes.graphql */ = {isa = PBXFileReference; lastKnownFileType = text; path = PokemonTypes.graphql; sourceTree = "<group>"; };
		A243BC81275980600046ACDF /* Type.swift */ = {isa = PBXFileReference; lastKnownFileType = sourcecode.swift; path = Type.swift; sourceTree = "<group>"; };
		A24CEFCC26E084AF00AB23A0 /* PokemonMoves.graphql */ = {isa = PBXFileReference; lastKnownFileType = text; path = PokemonMoves.graphql; sourceTree = "<group>"; };
		A24CEFCE26E0889B00AB23A0 /* Move.swift */ = {isa = PBXFileReference; lastKnownFileType = sourcecode.swift; path = Move.swift; sourceTree = "<group>"; };
		A24CEFD326E57D5400AB23A0 /* MovesView.swift */ = {isa = PBXFileReference; lastKnownFileType = sourcecode.swift; path = MovesView.swift; sourceTree = "<group>"; };
		A24D586F2740AF32000C3E6C /* PokemonLocations.graphql */ = {isa = PBXFileReference; lastKnownFileType = text; path = PokemonLocations.graphql; sourceTree = "<group>"; };
		A26E9987267D381100D6ED8C /* APIClient.swift */ = {isa = PBXFileReference; lastKnownFileType = sourcecode.swift; path = APIClient.swift; sourceTree = "<group>"; };
		A26E998E267D3DFE00D6ED8C /* APIContentView.swift */ = {isa = PBXFileReference; lastKnownFileType = sourcecode.swift; path = APIContentView.swift; sourceTree = "<group>"; };
		A26E9991267D3F3F00D6ED8C /* LoadingModifier.swift */ = {isa = PBXFileReference; lastKnownFileType = sourcecode.swift; path = LoadingModifier.swift; sourceTree = "<group>"; };
		A26E9993267D45BA00D6ED8C /* PokemonListView.swift */ = {isa = PBXFileReference; lastKnownFileType = sourcecode.swift; path = PokemonListView.swift; sourceTree = "<group>"; };
		A26E999C267D693500D6ED8C /* TypeIconView.swift */ = {isa = PBXFileReference; lastKnownFileType = sourcecode.swift; path = TypeIconView.swift; sourceTree = "<group>"; };
		A27F7A8026D6C6740004B39D /* ActivityIndicator.swift */ = {isa = PBXFileReference; lastKnownFileType = sourcecode.swift; path = ActivityIndicator.swift; sourceTree = "<group>"; };
		A27F7A8226D6C7B00004B39D /* PokemonDetailsView.swift */ = {isa = PBXFileReference; lastKnownFileType = sourcecode.swift; path = PokemonDetailsView.swift; sourceTree = "<group>"; };
		A27F7A8426D6CA8C0004B39D /* ImageLoader.swift */ = {isa = PBXFileReference; lastKnownFileType = sourcecode.swift; path = ImageLoader.swift; sourceTree = "<group>"; };
		A27F7A8626D6CC3D0004B39D /* APIRequests.swift */ = {isa = PBXFileReference; lastKnownFileType = sourcecode.swift; path = APIRequests.swift; sourceTree = "<group>"; };
		A27F7A8926D6CC880004B39D /* PokemonEntry.swift */ = {isa = PBXFileReference; lastKnownFileType = sourcecode.swift; path = PokemonEntry.swift; sourceTree = "<group>"; };
		A27F7A8C26D6CCE70004B39D /* Models.swift */ = {isa = PBXFileReference; lastKnownFileType = sourcecode.swift; path = Models.swift; sourceTree = "<group>"; };
		A27F7A8E26D6CE670004B39D /* Pokemon.swift */ = {isa = PBXFileReference; lastKnownFileType = sourcecode.swift; path = Pokemon.swift; sourceTree = "<group>"; };
		A27F7A9026D6CFEC0004B39D /* PokemonDetails.graphql */ = {isa = PBXFileReference; lastKnownFileType = text; path = PokemonDetails.graphql; sourceTree = "<group>"; };
		A290C5E72759859C00A93995 /* TypesView.swift */ = {isa = PBXFileReference; lastKnownFileType = sourcecode.swift; path = TypesView.swift; sourceTree = "<group>"; };
		A2CBCAC72679D0C4008AC09F /* schema.json */ = {isa = PBXFileReference; lastKnownFileType = text.json; path = schema.json; sourceTree = "<group>"; };
		A2CBCAC82679D184008AC09F /* Pokedex.graphql */ = {isa = PBXFileReference; lastKnownFileType = text; path = Pokedex.graphql; sourceTree = "<group>"; };
		A2CBCACA2679D24F008AC09F /* API.swift */ = {isa = PBXFileReference; fileEncoding = 4; lastKnownFileType = sourcecode.swift; path = API.swift; sourceTree = "<group>"; };
		A2CBCACC2679D45A008AC09F /* PokedexListView.swift */ = {isa = PBXFileReference; lastKnownFileType = sourcecode.swift; path = PokedexListView.swift; sourceTree = "<group>"; };
		A2CD27ED26798A8C00117561 /* PKDB.app */ = {isa = PBXFileReference; explicitFileType = wrapper.application; includeInIndex = 0; path = PKDB.app; sourceTree = BUILT_PRODUCTS_DIR; };
		A2CD27F026798A8C00117561 /* PKDBApp.swift */ = {isa = PBXFileReference; lastKnownFileType = sourcecode.swift; path = PKDBApp.swift; sourceTree = "<group>"; };
		A2CD27F226798A8C00117561 /* MainView.swift */ = {isa = PBXFileReference; lastKnownFileType = sourcecode.swift; path = MainView.swift; sourceTree = "<group>"; };
		A2CD27F426798A9600117561 /* Assets.xcassets */ = {isa = PBXFileReference; lastKnownFileType = folder.assetcatalog; path = Assets.xcassets; sourceTree = "<group>"; };
		A2CD27F726798A9600117561 /* Preview Assets.xcassets */ = {isa = PBXFileReference; lastKnownFileType = folder.assetcatalog; path = "Preview Assets.xcassets"; sourceTree = "<group>"; };
		A2CD27F926798A9600117561 /* Info.plist */ = {isa = PBXFileReference; lastKnownFileType = text.plist.xml; path = Info.plist; sourceTree = "<group>"; };
		A2CD280E2679A59B00117561 /* Lint */ = {isa = PBXFileReference; lastKnownFileType = folder; path = Lint; sourceTree = "<group>"; };
/* End PBXFileReference section */

/* Begin PBXFrameworksBuildPhase section */
		A2CD27EA26798A8C00117561 /* Frameworks */ = {
			isa = PBXFrameworksBuildPhase;
			buildActionMask = 2147483647;
			files = (
				A2CBCAC52679CCEE008AC09F /* ApolloCombine in Frameworks */,
			);
			runOnlyForDeploymentPostprocessing = 0;
		};
/* End PBXFrameworksBuildPhase section */

/* Begin PBXGroup section */
		A20449D6275EE1740060B3E5 /* Storage */ = {
			isa = PBXGroup;
			children = (
				A20449D7275EE1980060B3E5 /* Storage.swift */,
			);
			path = Storage;
			sourceTree = "<group>";
		};
		A26E9985267D37D100D6ED8C /* Source */ = {
			isa = PBXGroup;
			children = (
				A26E999E267D6B4E00D6ED8C /* Logic */,
				A27F7A8826D6CC720004B39D /* Models */,
				A26E9986267D37F800D6ED8C /* Network */,
				A20449D6275EE1740060B3E5 /* Storage */,
				A26E998C267D3D6400D6ED8C /* Views */,
			);
			path = Source;
			sourceTree = "<group>";
		};
		A26E9986267D37F800D6ED8C /* Network */ = {
			isa = PBXGroup;
			children = (
				A26E9987267D381100D6ED8C /* APIClient.swift */,
				A27F7A8626D6CC3D0004B39D /* APIRequests.swift */,
				A26E998D267D3D7000D6ED8C /* Queries */,
			);
			path = Network;
			sourceTree = "<group>";
		};
		A26E998C267D3D6400D6ED8C /* Views */ = {
			isa = PBXGroup;
			children = (
				A26E9990267D3F2100D6ED8C /* Modifiers */,
				A26E998E267D3DFE00D6ED8C /* APIContentView.swift */,
				A20DDECE26D8037B002BD09C /* GamesListView.swift */,
				A2CBCACC2679D45A008AC09F /* PokedexListView.swift */,
				A26E9993267D45BA00D6ED8C /* PokemonListView.swift */,
				A27F7A8226D6C7B00004B39D /* PokemonDetailsView.swift */,
				A26E999C267D693500D6ED8C /* TypeIconView.swift */,
				A24CEFD326E57D5400AB23A0 /* MovesView.swift */,
				A243BC73275831570046ACDF /* LocationsView.swift */,
				A243BC7D275971E10046ACDF /* EvolutionsView.swift */,
				A290C5E72759859C00A93995 /* TypesView.swift */,
			);
			path = Views;
			sourceTree = "<group>";
		};
		A26E998D267D3D7000D6ED8C /* Queries */ = {
			isa = PBXGroup;
			children = (
				A20DDECA26D7F07D002BD09C /* Games.graphql */,
				A2CBCAC82679D184008AC09F /* Pokedex.graphql */,
				A27F7A9026D6CFEC0004B39D /* PokemonDetails.graphql */,
				A24CEFCC26E084AF00AB23A0 /* PokemonMoves.graphql */,
				A24D586F2740AF32000C3E6C /* PokemonLocations.graphql */,
				A243BC79275961E10046ACDF /* PokemonEvolutions.graphql */,
				A243BC7F275980140046ACDF /* PokemonTypes.graphql */,
			);
			path = Queries;
			sourceTree = "<group>";
		};
		A26E9990267D3F2100D6ED8C /* Modifiers */ = {
			isa = PBXGroup;
			children = (
				A26E9991267D3F3F00D6ED8C /* LoadingModifier.swift */,
				A27F7A8026D6C6740004B39D /* ActivityIndicator.swift */,
			);
			path = Modifiers;
			sourceTree = "<group>";
		};
		A26E999E267D6B4E00D6ED8C /* Logic */ = {
			isa = PBXGroup;
			children = (
				A27F7A8426D6CA8C0004B39D /* ImageLoader.swift */,
			);
			path = Logic;
			sourceTree = "<group>";
		};
		A27F7A8826D6CC720004B39D /* Models */ = {
			isa = PBXGroup;
			children = (
				A27F7A8C26D6CCE70004B39D /* Models.swift */,
				A27F7A8926D6CC880004B39D /* PokemonEntry.swift */,
				A27F7A8E26D6CE670004B39D /* Pokemon.swift */,
				A20DDECC26D7F4EE002BD09C /* Game.swift */,
				A24CEFCE26E0889B00AB23A0 /* Move.swift */,
				A243BC75275831B60046ACDF /* Location.swift */,
				A243BC7B2759626F0046ACDF /* Evolution.swift */,
				A243BC81275980600046ACDF /* Type.swift */,
			);
			path = Models;
			sourceTree = "<group>";
		};
		A2CD27E426798A8C00117561 = {
			isa = PBXGroup;
			children = (
				A2CD27EF26798A8C00117561 /* PKDB */,
				A2CD27EE26798A8C00117561 /* Products */,
				A2CD280D2679A59A00117561 /* Frameworks */,
			);
			sourceTree = "<group>";
		};
		A2CD27EE26798A8C00117561 /* Products */ = {
			isa = PBXGroup;
			children = (
				A2CD27ED26798A8C00117561 /* PKDB.app */,
			);
			name = Products;
			sourceTree = "<group>";
		};
		A2CD27EF26798A8C00117561 /* PKDB */ = {
			isa = PBXGroup;
			children = (
				A2CD27F026798A8C00117561 /* PKDBApp.swift */,
				A2CD27F226798A8C00117561 /* MainView.swift */,
				A2CBCACA2679D24F008AC09F /* API.swift */,
				A2CBCAC72679D0C4008AC09F /* schema.json */,
				A2CD27F926798A9600117561 /* Info.plist */,
				A26E9985267D37D100D6ED8C /* Source */,
				A2CD280026798AFF00117561 /* Resources */,
				A2CD27F626798A9600117561 /* Preview Content */,
			);
			path = PKDB;
			sourceTree = "<group>";
		};
		A2CD27F626798A9600117561 /* Preview Content */ = {
			isa = PBXGroup;
			children = (
				A2CD27F726798A9600117561 /* Preview Assets.xcassets */,
			);
			path = "Preview Content";
			sourceTree = "<group>";
		};
		A2CD280026798AFF00117561 /* Resources */ = {
			isa = PBXGroup;
			children = (
				A2CD27F426798A9600117561 /* Assets.xcassets */,
			);
			path = Resources;
			sourceTree = "<group>";
		};
		A2CD280D2679A59A00117561 /* Frameworks */ = {
			isa = PBXGroup;
			children = (
				A2CD280E2679A59B00117561 /* Lint */,
			);
			name = Frameworks;
			sourceTree = "<group>";
		};
/* End PBXGroup section */

/* Begin PBXNativeTarget section */
		A2CD27EC26798A8C00117561 /* PKDB */ = {
			isa = PBXNativeTarget;
			buildConfigurationList = A2CD27FC26798A9600117561 /* Build configuration list for PBXNativeTarget "PKDB" */;
			buildPhases = (
				A2CD28172679AEFE00117561 /* Lint */,
				A2CBCAC62679CEC3008AC09F /* Apollo CLI */,
				A2CD27E926798A8C00117561 /* Sources */,
				A2CD27EA26798A8C00117561 /* Frameworks */,
				A2CD27EB26798A8C00117561 /* Resources */,
			);
			buildRules = (
			);
			dependencies = (
			);
			name = PKDB;
			packageProductDependencies = (
				A2CBCAC42679CCEE008AC09F /* ApolloCombine */,
			);
			productName = PKDB;
			productReference = A2CD27ED26798A8C00117561 /* PKDB.app */;
			productType = "com.apple.product-type.application";
		};
/* End PBXNativeTarget section */

/* Begin PBXProject section */
		A2CD27E526798A8C00117561 /* Project object */ = {
			isa = PBXProject;
			attributes = {
				LastSwiftUpdateCheck = 1250;
				LastUpgradeCheck = 1250;
				TargetAttributes = {
					A2CD27EC26798A8C00117561 = {
						CreatedOnToolsVersion = 12.5;
					};
				};
			};
			buildConfigurationList = A2CD27E826798A8C00117561 /* Build configuration list for PBXProject "PKDB" */;
			compatibilityVersion = "Xcode 9.3";
			developmentRegion = en;
			hasScannedForEncodings = 0;
			knownRegions = (
				en,
				Base,
			);
			mainGroup = A2CD27E426798A8C00117561;
			packageReferences = (
				A2CBCAC32679CCEE008AC09F /* XCRemoteSwiftPackageReference "ApolloCombine" */,
			);
			productRefGroup = A2CD27EE26798A8C00117561 /* Products */;
			projectDirPath = "";
			projectRoot = "";
			targets = (
				A2CD27EC26798A8C00117561 /* PKDB */,
			);
		};
/* End PBXProject section */

/* Begin PBXResourcesBuildPhase section */
		A2CD27EB26798A8C00117561 /* Resources */ = {
			isa = PBXResourcesBuildPhase;
			buildActionMask = 2147483647;
			files = (
				A2CD27F826798A9600117561 /* Preview Assets.xcassets in Resources */,
				A24D58702740AF32000C3E6C /* PokemonLocations.graphql in Resources */,
				A2CD27F526798A9600117561 /* Assets.xcassets in Resources */,
				A243BC80275980140046ACDF /* PokemonTypes.graphql in Resources */,
				A20DDECB26D7F07D002BD09C /* Games.graphql in Resources */,
				A27F7A9126D6CFEC0004B39D /* PokemonDetails.graphql in Resources */,
				A2CBCAC92679D184008AC09F /* Pokedex.graphql in Resources */,
				A243BC7A275961E10046ACDF /* PokemonEvolutions.graphql in Resources */,
				A24CEFCD26E084AF00AB23A0 /* PokemonMoves.graphql in Resources */,
			);
			runOnlyForDeploymentPostprocessing = 0;
		};
/* End PBXResourcesBuildPhase section */

/* Begin PBXShellScriptBuildPhase section */
		A2CBCAC62679CEC3008AC09F /* Apollo CLI */ = {
			isa = PBXShellScriptBuildPhase;
			buildActionMask = 2147483647;
			files = (
			);
			inputFileListPaths = (
			);
			inputPaths = (
			);
			name = "Apollo CLI";
			outputFileListPaths = (
			);
			outputPaths = (
			);
			runOnlyForDeploymentPostprocessing = 0;
			shellPath = /bin/sh;
			shellScript = "# Go to the build root and search up the chain to find the Derived Data Path where the source packages are checked out.\nDERIVED_DATA_CANDIDATE=\"${BUILD_ROOT}\"\n\nwhile ! [ -d \"${DERIVED_DATA_CANDIDATE}/SourcePackages\" ]; do\n  if [ \"${DERIVED_DATA_CANDIDATE}\" = / ]; then\n    echo >&2 \"error: Unable to locate SourcePackages directory from BUILD_ROOT: '${BUILD_ROOT}'\"\n    exit 1\n  fi\n\n  DERIVED_DATA_CANDIDATE=\"$(dirname \"${DERIVED_DATA_CANDIDATE}\")\"\ndone\n\n# Grab a reference to the directory where scripts are checked out\nSCRIPT_PATH=\"${DERIVED_DATA_CANDIDATE}/SourcePackages/checkouts/apollo-ios/scripts\"\n\nif [ -z \"${SCRIPT_PATH}\" ]; then\n    echo >&2 \"error: Couldn't find the CLI script in your checked out SPM packages; make sure to add the framework to your project.\"\n    exit 1\nfi\n\ncd \"${SRCROOT}/${TARGET_NAME}\"\n\"${SCRIPT_PATH}\"/run-bundled-codegen.sh codegen:generate --target=swift --includes=./**/*.graphql --localSchemaFile=\"schema.json\" API.swift\n#\"${SCRIPT_PATH}\"/run-bundled-codegen.sh schema:download --endpoint=\"https://beta.pokeapi.co/graphql/v1beta\"\n";
		};
		A2CD28172679AEFE00117561 /* Lint */ = {
			isa = PBXShellScriptBuildPhase;
			buildActionMask = 2147483647;
			files = (
			);
			inputFileListPaths = (
			);
			inputPaths = (
			);
			name = Lint;
			outputFileListPaths = (
			);
			outputPaths = (
			);
			runOnlyForDeploymentPostprocessing = 0;
			shellPath = /bin/sh;
			shellScript = "SDKROOT=macosx\nswift run --package-path Lint swiftlint\n";
		};
/* End PBXShellScriptBuildPhase section */

/* Begin PBXSourcesBuildPhase section */
		A2CD27E926798A8C00117561 /* Sources */ = {
			isa = PBXSourcesBuildPhase;
			buildActionMask = 2147483647;
			files = (
				A243BC7C2759626F0046ACDF /* Evolution.swift in Sources */,
				A24CEFCF26E0889B00AB23A0 /* Move.swift in Sources */,
				A26E9994267D45BA00D6ED8C /* PokemonListView.swift in Sources */,
				A20DDECD26D7F4EE002BD09C /* Game.swift in Sources */,
				A27F7A8326D6C7B00004B39D /* PokemonDetailsView.swift in Sources */,
				A27F7A8726D6CC3D0004B39D /* APIRequests.swift in Sources */,
				A27F7A8F26D6CE670004B39D /* Pokemon.swift in Sources */,
				A26E9988267D381100D6ED8C /* APIClient.swift in Sources */,
				A2CD27F326798A8C00117561 /* MainView.swift in Sources */,
				A243BC74275831570046ACDF /* LocationsView.swift in Sources */,
				A243BC7E275971E10046ACDF /* EvolutionsView.swift in Sources */,
				A27F7A8D26D6CCE70004B39D /* Models.swift in Sources */,
				A26E999D267D693500D6ED8C /* TypeIconView.swift in Sources */,
				A2CBCACB2679D24F008AC09F /* API.swift in Sources */,
				A20449D8275EE1980060B3E5 /* Storage.swift in Sources */,
				A243BC76275831B60046ACDF /* Location.swift in Sources */,
				A243BC82275980600046ACDF /* Type.swift in Sources */,
				A27F7A8126D6C6740004B39D /* ActivityIndicator.swift in Sources */,
				A27F7A8A26D6CC880004B39D /* PokemonEntry.swift in Sources */,
				A26E998F267D3DFE00D6ED8C /* APIContentView.swift in Sources */,
				A2CD27F126798A8C00117561 /* PKDBApp.swift in Sources */,
				A24CEFD426E57D5400AB23A0 /* MovesView.swift in Sources */,
				A26E9992267D3F3F00D6ED8C /* LoadingModifier.swift in Sources */,
				A20DDECF26D8037B002BD09C /* GamesListView.swift in Sources */,
				A2CBCACD2679D45A008AC09F /* PokedexListView.swift in Sources */,
				A290C5E82759859C00A93995 /* TypesView.swift in Sources */,
				A27F7A8526D6CA8C0004B39D /* ImageLoader.swift in Sources */,
			);
			runOnlyForDeploymentPostprocessing = 0;
		};
/* End PBXSourcesBuildPhase section */

/* Begin XCBuildConfiguration section */
		A2CD27FA26798A9600117561 /* Debug */ = {
			isa = XCBuildConfiguration;
			buildSettings = {
				ALWAYS_SEARCH_USER_PATHS = NO;
				CLANG_ANALYZER_NONNULL = YES;
				CLANG_ANALYZER_NUMBER_OBJECT_CONVERSION = YES_AGGRESSIVE;
				CLANG_CXX_LANGUAGE_STANDARD = "gnu++14";
				CLANG_CXX_LIBRARY = "libc++";
				CLANG_ENABLE_MODULES = YES;
				CLANG_ENABLE_OBJC_ARC = YES;
				CLANG_ENABLE_OBJC_WEAK = YES;
				CLANG_WARN_BLOCK_CAPTURE_AUTORELEASING = YES;
				CLANG_WARN_BOOL_CONVERSION = YES;
				CLANG_WARN_COMMA = YES;
				CLANG_WARN_CONSTANT_CONVERSION = YES;
				CLANG_WARN_DEPRECATED_OBJC_IMPLEMENTATIONS = YES;
				CLANG_WARN_DIRECT_OBJC_ISA_USAGE = YES_ERROR;
				CLANG_WARN_DOCUMENTATION_COMMENTS = YES;
				CLANG_WARN_EMPTY_BODY = YES;
				CLANG_WARN_ENUM_CONVERSION = YES;
				CLANG_WARN_INFINITE_RECURSION = YES;
				CLANG_WARN_INT_CONVERSION = YES;
				CLANG_WARN_NON_LITERAL_NULL_CONVERSION = YES;
				CLANG_WARN_OBJC_IMPLICIT_RETAIN_SELF = YES;
				CLANG_WARN_OBJC_LITERAL_CONVERSION = YES;
				CLANG_WARN_OBJC_ROOT_CLASS = YES_ERROR;
				CLANG_WARN_QUOTED_INCLUDE_IN_FRAMEWORK_HEADER = YES;
				CLANG_WARN_RANGE_LOOP_ANALYSIS = YES;
				CLANG_WARN_STRICT_PROTOTYPES = YES;
				CLANG_WARN_SUSPICIOUS_MOVE = YES;
				CLANG_WARN_UNGUARDED_AVAILABILITY = YES_AGGRESSIVE;
				CLANG_WARN_UNREACHABLE_CODE = YES;
				CLANG_WARN__DUPLICATE_METHOD_MATCH = YES;
				COPY_PHASE_STRIP = NO;
				DEBUG_INFORMATION_FORMAT = dwarf;
				ENABLE_STRICT_OBJC_MSGSEND = YES;
				ENABLE_TESTABILITY = YES;
				GCC_C_LANGUAGE_STANDARD = gnu11;
				GCC_DYNAMIC_NO_PIC = NO;
				GCC_NO_COMMON_BLOCKS = YES;
				GCC_OPTIMIZATION_LEVEL = 0;
				GCC_PREPROCESSOR_DEFINITIONS = (
					"DEBUG=1",
					"$(inherited)",
				);
				GCC_WARN_64_TO_32_BIT_CONVERSION = YES;
				GCC_WARN_ABOUT_RETURN_TYPE = YES_ERROR;
				GCC_WARN_UNDECLARED_SELECTOR = YES;
				GCC_WARN_UNINITIALIZED_AUTOS = YES_AGGRESSIVE;
				GCC_WARN_UNUSED_FUNCTION = YES;
				GCC_WARN_UNUSED_VARIABLE = YES;
				IPHONEOS_DEPLOYMENT_TARGET = 14.5;
				MTL_ENABLE_DEBUG_INFO = INCLUDE_SOURCE;
				MTL_FAST_MATH = YES;
				ONLY_ACTIVE_ARCH = YES;
				SDKROOT = iphoneos;
				SWIFT_ACTIVE_COMPILATION_CONDITIONS = DEBUG;
				SWIFT_OPTIMIZATION_LEVEL = "-Onone";
			};
			name = Debug;
		};
		A2CD27FB26798A9600117561 /* Release */ = {
			isa = XCBuildConfiguration;
			buildSettings = {
				ALWAYS_SEARCH_USER_PATHS = NO;
				CLANG_ANALYZER_NONNULL = YES;
				CLANG_ANALYZER_NUMBER_OBJECT_CONVERSION = YES_AGGRESSIVE;
				CLANG_CXX_LANGUAGE_STANDARD = "gnu++14";
				CLANG_CXX_LIBRARY = "libc++";
				CLANG_ENABLE_MODULES = YES;
				CLANG_ENABLE_OBJC_ARC = YES;
				CLANG_ENABLE_OBJC_WEAK = YES;
				CLANG_WARN_BLOCK_CAPTURE_AUTORELEASING = YES;
				CLANG_WARN_BOOL_CONVERSION = YES;
				CLANG_WARN_COMMA = YES;
				CLANG_WARN_CONSTANT_CONVERSION = YES;
				CLANG_WARN_DEPRECATED_OBJC_IMPLEMENTATIONS = YES;
				CLANG_WARN_DIRECT_OBJC_ISA_USAGE = YES_ERROR;
				CLANG_WARN_DOCUMENTATION_COMMENTS = YES;
				CLANG_WARN_EMPTY_BODY = YES;
				CLANG_WARN_ENUM_CONVERSION = YES;
				CLANG_WARN_INFINITE_RECURSION = YES;
				CLANG_WARN_INT_CONVERSION = YES;
				CLANG_WARN_NON_LITERAL_NULL_CONVERSION = YES;
				CLANG_WARN_OBJC_IMPLICIT_RETAIN_SELF = YES;
				CLANG_WARN_OBJC_LITERAL_CONVERSION = YES;
				CLANG_WARN_OBJC_ROOT_CLASS = YES_ERROR;
				CLANG_WARN_QUOTED_INCLUDE_IN_FRAMEWORK_HEADER = YES;
				CLANG_WARN_RANGE_LOOP_ANALYSIS = YES;
				CLANG_WARN_STRICT_PROTOTYPES = YES;
				CLANG_WARN_SUSPICIOUS_MOVE = YES;
				CLANG_WARN_UNGUARDED_AVAILABILITY = YES_AGGRESSIVE;
				CLANG_WARN_UNREACHABLE_CODE = YES;
				CLANG_WARN__DUPLICATE_METHOD_MATCH = YES;
				COPY_PHASE_STRIP = NO;
				DEBUG_INFORMATION_FORMAT = "dwarf-with-dsym";
				ENABLE_NS_ASSERTIONS = NO;
				ENABLE_STRICT_OBJC_MSGSEND = YES;
				GCC_C_LANGUAGE_STANDARD = gnu11;
				GCC_NO_COMMON_BLOCKS = YES;
				GCC_WARN_64_TO_32_BIT_CONVERSION = YES;
				GCC_WARN_ABOUT_RETURN_TYPE = YES_ERROR;
				GCC_WARN_UNDECLARED_SELECTOR = YES;
				GCC_WARN_UNINITIALIZED_AUTOS = YES_AGGRESSIVE;
				GCC_WARN_UNUSED_FUNCTION = YES;
				GCC_WARN_UNUSED_VARIABLE = YES;
				IPHONEOS_DEPLOYMENT_TARGET = 14.5;
				MTL_ENABLE_DEBUG_INFO = NO;
				MTL_FAST_MATH = YES;
				SDKROOT = iphoneos;
				SWIFT_COMPILATION_MODE = wholemodule;
				SWIFT_OPTIMIZATION_LEVEL = "-O";
				VALIDATE_PRODUCT = YES;
			};
			name = Release;
		};
		A2CD27FD26798A9600117561 /* Debug */ = {
			isa = XCBuildConfiguration;
			buildSettings = {
				ASSETCATALOG_COMPILER_APPICON_NAME = AppIcon;
				ASSETCATALOG_COMPILER_GLOBAL_ACCENT_COLOR_NAME = AccentColor;
				CODE_SIGN_IDENTITY = "iPhone Developer";
				CODE_SIGN_STYLE = Automatic;
				DEVELOPMENT_ASSET_PATHS = "\"PKDB/Preview Content\"";
				DEVELOPMENT_TEAM = LVRW7A4S2C;
				ENABLE_PREVIEWS = YES;
				INFOPLIST_FILE = PKDB/Info.plist;
				IPHONEOS_DEPLOYMENT_TARGET = 14.0;
				LD_RUNPATH_SEARCH_PATHS = (
					"$(inherited)",
					"@executable_path/Frameworks",
				);
				PRODUCT_BUNDLE_IDENTIFIER = com.ti.PKDB;
				PRODUCT_NAME = "$(TARGET_NAME)";
				PROVISIONING_PROFILE_SPECIFIER = "";
				SWIFT_VERSION = 5.0;
				TARGETED_DEVICE_FAMILY = "1,2";
			};
			name = Debug;
		};
		A2CD27FE26798A9600117561 /* Release */ = {
			isa = XCBuildConfiguration;
			buildSettings = {
				ASSETCATALOG_COMPILER_APPICON_NAME = AppIcon;
				ASSETCATALOG_COMPILER_GLOBAL_ACCENT_COLOR_NAME = AccentColor;
				CODE_SIGN_IDENTITY = "iPhone Developer";
				CODE_SIGN_STYLE = Automatic;
				DEVELOPMENT_ASSET_PATHS = "\"PKDB/Preview Content\"";
				DEVELOPMENT_TEAM = LVRW7A4S2C;
				ENABLE_PREVIEWS = YES;
				INFOPLIST_FILE = PKDB/Info.plist;
				IPHONEOS_DEPLOYMENT_TARGET = 14.0;
				LD_RUNPATH_SEARCH_PATHS = (
					"$(inherited)",
					"@executable_path/Frameworks",
				);
				PRODUCT_BUNDLE_IDENTIFIER = com.ti.PKDB;
				PRODUCT_NAME = "$(TARGET_NAME)";
				PROVISIONING_PROFILE_SPECIFIER = "";
				SWIFT_VERSION = 5.0;
				TARGETED_DEVICE_FAMILY = "1,2";
			};
			name = Release;
		};
/* End XCBuildConfiguration section */

/* Begin XCConfigurationList section */
		A2CD27E826798A8C00117561 /* Build configuration list for PBXProject "PKDB" */ = {
			isa = XCConfigurationList;
			buildConfigurations = (
				A2CD27FA26798A9600117561 /* Debug */,
				A2CD27FB26798A9600117561 /* Release */,
			);
			defaultConfigurationIsVisible = 0;
			defaultConfigurationName = Release;
		};
		A2CD27FC26798A9600117561 /* Build configuration list for PBXNativeTarget "PKDB" */ = {
			isa = XCConfigurationList;
			buildConfigurations = (
				A2CD27FD26798A9600117561 /* Debug */,
				A2CD27FE26798A9600117561 /* Release */,
			);
			defaultConfigurationIsVisible = 0;
			defaultConfigurationName = Release;
		};
/* End XCConfigurationList section */

/* Begin XCRemoteSwiftPackageReference section */
		A2CBCAC32679CCEE008AC09F /* XCRemoteSwiftPackageReference "ApolloCombine" */ = {
			isa = XCRemoteSwiftPackageReference;
			repositoryURL = "https://github.com/joel-perry/ApolloCombine.git";
			requirement = {
				kind = upToNextMajorVersion;
				minimumVersion = 0.5.0;
			};
		};
/* End XCRemoteSwiftPackageReference section */

/* Begin XCSwiftPackageProductDependency section */
		A2CBCAC42679CCEE008AC09F /* ApolloCombine */ = {
			isa = XCSwiftPackageProductDependency;
			package = A2CBCAC32679CCEE008AC09F /* XCRemoteSwiftPackageReference "ApolloCombine" */;
			productName = ApolloCombine;
		};
/* End XCSwiftPackageProductDependency section */
	};
	rootObject = A2CD27E526798A8C00117561 /* Project object */;
}
